
Microsoft Visual Studio Solution File, Format Version 12.00
# Visual Studio Version 17
VisualStudioVersion = 17.8.34330.188
MinimumVisualStudioVersion = 10.0.40219.1
Project("{FAE04EC0-301F-11D3-BF4B-00C04F79EFBC}") = "MobileApp", "MobileApp\MobileApp.csproj", "{851F6077-73C2-4DAA-8FB3-C56A5FC4480C}"
EndProject
Global
	GlobalSection(SolutionConfigurationPlatforms) = preSolution
		Debug|Any CPU = Debug|Any CPU
		Release|Any CPU = Release|Any CPU
	EndGlobalSection
	GlobalSection(ProjectConfigurationPlatforms) = postSolution
		{851F6077-73C2-4DAA-8FB3-C56A5FC4480C}.Debug|Any CPU.ActiveCfg = Debug|Any CPU
		{851F6077-73C2-4DAA-8FB3-C56A5FC4480C}.Debug|Any CPU.Build.0 = Debug|Any CPU
		{851F6077-73C2-4DAA-8FB3-C56A5FC4480C}.Debug|Any CPU.Deploy.0 = Debug|Any CPU
		{851F6077-73C2-4DAA-8FB3-C56A5FC4480C}.Release|Any CPU.ActiveCfg = Release|Any CPU
		{851F6077-73C2-4DAA-8FB3-C56A5FC4480C}.Release|Any CPU.Build.0 = Release|Any CPU
		{851F6077-73C2-4DAA-8FB3-C56A5FC4480C}.Release|Any CPU.Deploy.0 = Release|Any CPU
	EndGlobalSection
	GlobalSection(SolutionProperties) = preSolution
		HideSolutionNode = FALSE
	EndGlobalSection
	GlobalSection(ExtensibilityGlobals) = postSolution
		SolutionGuid = {A80C2AFB-C871-4331-97BA-429F5BE5FC76}
	EndGlobalSection
EndGlobal
